<?xml version="1.0" encoding="utf-8"?>
<Project ToolsVersion="4.0" xmlns="http://schemas.microsoft.com/developer/msbuild/2003">
  <ItemGroup>
    <Filter Include="Source Files">
      <UniqueIdentifier>{4FC737F1-C7A5-4376-A066-2A32D752A2FF}</UniqueIdentifier>
      <Extensions>cpp;c;cc;cxx;c++;cppm;ixx;def;odl;idl;hpj;bat;asm;asmx</Extensions>
    </Filter>
    <Filter Include="Header Files">
      <UniqueIdentifier>{93995380-89BD-4b04-88EB-625FBE52EBFB}</UniqueIdentifier>
      <Extensions>h;hh;hpp;hxx;h++;hm;inl;inc;ipp;xsd</Extensions>
    </Filter>
    <Filter Include="Resource Files">
      <UniqueIdentifier>{67DA6AB6-F800-4c08-8B7A-83BB121AAD01}</UniqueIdentifier>
      <Extensions>rc;ico;cur;bmp;dlg;rc2;rct;bin;rgs;gif;jpg;jpeg;jpe;resx;tiff;tif;png;wav;mfcribbon-ms</Extensions>
    </Filter>
    <Filter Include="Source Files\01-Classes and Objects">
      <UniqueIdentifier>{e910bafe-f1e7-490d-8ede-92da450c7a82}</UniqueIdentifier>
    </Filter>
    <Filter Include="Source Files\02-Access Specifiers or Modifier">
      <UniqueIdentifier>{9a92a8b1-bf3c-4625-bccc-20f2ac9e8361}</UniqueIdentifier>
    </Filter>
    <Filter Include="Source Files\03-Properties">
      <UniqueIdentifier>{3bbc3ad9-c5ed-49ea-999d-ce9016d19bdd}</UniqueIdentifier>
    </Filter>
    <Filter Include="Source Files\04-Encapsulation and Abstraction">
      <UniqueIdentifier>{448c477f-26ef-43ae-9097-3b264d0b27e4}</UniqueIdentifier>
    </Filter>
    <Filter Include="Source Files\05-Project 1">
      <UniqueIdentifier>{6b1d0148-a2f3-4716-9e92-a8e27600dc74}</UniqueIdentifier>
    </Filter>
    <Filter Include="Source Files\06-Constructors and Destructors">
      <UniqueIdentifier>{b0bf2c5e-446e-4551-bd14-29d325292cf1}</UniqueIdentifier>
    </Filter>
    <Filter Include="Source Files\07-Static members and methods">
      <UniqueIdentifier>{6ee40cd6-a09a-49d7-b650-5f0edcfa4b73}</UniqueIdentifier>
    </Filter>
    <Filter Include="Source Files\08-Exercises and Homework">
      <UniqueIdentifier>{36836ceb-9e6c-4378-9475-41f5f0165113}</UniqueIdentifier>
    </Filter>
    <Filter Include="Source Files\09-Inheritance">
      <UniqueIdentifier>{3f157e52-17fb-4634-9c3c-f64dbf65f595}</UniqueIdentifier>
    </Filter>
  </ItemGroup>
  <ItemGroup>
    <ClCompile Include="MyFunctions.h">
      <Filter>Header Files</Filter>
    </ClCompile>
    <ClCompile Include="01-Classes and Objects\01-Classes and Objects.cpp">
      <Filter>Source Files\01-Classes and Objects</Filter>
    </ClCompile>
    <ClCompile Include="02-Access Specifiers or Modifier\01-Access Specifiers or Modifier.cpp">
      <Filter>Source Files\02-Access Specifiers or Modifier</Filter>
    </ClCompile>
    <ClCompile Include="01-Classes and Objects\03-Objects In Memory.cpp">
      <Filter>Source Files\01-Classes and Objects</Filter>
    </ClCompile>
    <ClCompile Include="01-Classes and Objects\02-Class Member.cpp">
      <Filter>Source Files\01-Classes and Objects</Filter>
    </ClCompile>
    <ClCompile Include="03-Properies\01-Properties set and get.cpp">
      <Filter>Source Files\03-Properties</Filter>
    </ClCompile>
    <ClCompile Include="03-Properies\02-Read Only Property.cpp">
      <Filter>Source Files\03-Properties</Filter>
    </ClCompile>
    <ClCompile Include="03-Properies\03-Properties set and get through =.cpp">
      <Filter>Source Files\03-Properties</Filter>
    </ClCompile>
    <ClCompile Include="01-Encapsulation.cpp">
      <Filter>Source Files\04-Encapsulation and Abstraction</Filter>
    </ClCompile>
    <ClCompile Include="02-Abstraction.cpp">
      <Filter>Source Files\04-Encapsulation and Abstraction</Filter>
    </ClCompile>
    <ClCompile Include="05-Project 1\01-Calculator - solution.cpp">
      <Filter>Source Files\05-Project 1</Filter>
    </ClCompile>
    <ClCompile Include="06-Constructors and Destructors\01-Constructors.cpp">
      <Filter>Source Files\06-Constructors and Destructors</Filter>
    </ClCompile>
    <ClCompile Include="06-Constructors and Destructors\02-Copy Constructors.cpp">
      <Filter>Source Files\06-Constructors and Destructors</Filter>
    </ClCompile>
    <ClCompile Include="06-Constructors and Destructors\03-Destructors.cpp">
      <Filter>Source Files\06-Constructors and Destructors</Filter>
    </ClCompile>
    <ClCompile Include="07-Static Members &amp; Methods\01-Static members.cpp">
      <Filter>Source Files\07-Static members and methods</Filter>
    </ClCompile>
    <ClCompile Include="07-Static Members &amp; Methods\02-Statci methods.cpp">
      <Filter>Source Files\07-Static members and methods</Filter>
    </ClCompile>
    <ClCompile Include="08-Exercises and Homework\01-Person Exercise solution.cpp">
      <Filter>Source Files\08-Exercises and Homework</Filter>
    </ClCompile>
    <ClCompile Include="08-Exercises and Homework\02-Employee Exercise.cpp">
      <Filter>Source Files\08-Exercises and Homework</Filter>
    </ClCompile>
    <ClCompile Include="09-inheritance\01- 3 Concept of oop , inheritance.cpp">
      <Filter>Source Files\09-Inheritance</Filter>
    </ClCompile>
    <ClCompile Include="09-inheritance\02-Parameterized Constructor of the base class.cpp">
      <Filter>Source Files\09-Inheritance</Filter>
    </ClCompile>
    <ClCompile Include="09-inheritance\03-Function Overriding.cpp">
      <Filter>Source Files\09-Inheritance</Filter>
    </ClCompile>
    <ClCompile Include="09-inheritance\04-Homework - Developer Exercise.cpp">
      <Filter>Source Files\09-Inheritance</Filter>
    </ClCompile>
    <ClCompile Include="09-inheritance\05-Multi Level Inheritance.cpp">
      <Filter>Source Files\09-Inheritance</Filter>
    </ClCompile>
    <ClCompile Include="09-inheritance\06-Access Specifiers or Modifiers Review.cpp">
      <Filter>Source Files\09-Inheritance</Filter>
    </ClCompile>
    <ClCompile Include="09-inheritance\07-Inheritance Visibility Modes.cpp">
      <Filter>Source Files\09-Inheritance</Filter>
    </ClCompile>
    <ClCompile Include="09-inheritance\08-Inheretance Types.cpp">
      <Filter>Source Files\09-Inheritance</Filter>
    </ClCompile>
    <ClCompile Include="09-inheritance\09-Up Casting vs Down Casting.cpp">
      <Filter>Source Files\09-Inheritance</Filter>
    </ClCompile>
    <ClCompile Include="09-inheritance\010-Virtual Functions.cpp">
      <Filter>Source Files\09-Inheritance</Filter>
    </ClCompile>
    <ClCompile Include="09-inheritance\011-Static or Early Binding vs Dynamic or Late Building.cpp">
      <Filter>Source Files\09-Inheritance</Filter>
    </ClCompile>
  </ItemGroup>
</Project>